
Microsoft Visual Studio Solution File, Format Version 12.00
# Visual Studio Version 16
VisualStudioVersion = 16.0.31911.196
MinimumVisualStudioVersion = 10.0.40219.1
Project("{9A19103F-16F7-4668-BE54-9A1E7A4F7556}") = "SocketSample.Common", "SocketSample.Common\SocketSample.Common.csproj", "{547717C3-DD37-4DA3-92C9-8A41B74D1419}"
EndProject
Project("{9A19103F-16F7-4668-BE54-9A1E7A4F7556}") = "SocketSample.Socket", "SocketSample.Socket\SocketSample.Socket.csproj", "{3B68E176-33C8-455E-A6AE-AB5373970709}"
EndProject
Project("{9A19103F-16F7-4668-BE54-9A1E7A4F7556}") = "SocketSample.Console.Client", "SocketSample.Console.Client\SocketSample.Console.Client.csproj", "{96DD8805-4D4F-407A-81CB-E19AA8D9D6F7}"
EndProject
Project("{9A19103F-16F7-4668-BE54-9A1E7A4F7556}") = "SocketSample.Console.Server", "SocketSample.Console.Server\SocketSample.Console.Server.csproj", "{3705AB07-7724-4C28-944E-9F056F5A8068}"
EndProject
Global
	GlobalSection(SolutionConfigurationPlatforms) = preSolution
		Debug|Any CPU = Debug|Any CPU
		Release|Any CPU = Release|Any CPU
	EndGlobalSection
	GlobalSection(ProjectConfigurationPlatforms) = postSolution
		{547717C3-DD37-4DA3-92C9-8A41B74D1419}.Debug|Any CPU.ActiveCfg = Debug|Any CPU
		{547717C3-DD37-4DA3-92C9-8A41B74D1419}.Debug|Any CPU.Build.0 = Debug|Any CPU
		{547717C3-DD37-4DA3-92C9-8A41B74D1419}.Release|Any CPU.ActiveCfg = Release|Any CPU
		{547717C3-DD37-4DA3-92C9-8A41B74D1419}.Release|Any CPU.Build.0 = Release|Any CPU
		{3B68E176-33C8-455E-A6AE-AB5373970709}.Debug|Any CPU.ActiveCfg = Debug|Any CPU
		{3B68E176-33C8-455E-A6AE-AB5373970709}.Debug|Any CPU.Build.0 = Debug|Any CPU
		{3B68E176-33C8-455E-A6AE-AB5373970709}.Release|Any CPU.ActiveCfg = Release|Any CPU
		{3B68E176-33C8-455E-A6AE-AB5373970709}.Release|Any CPU.Build.0 = Release|Any CPU
		{96DD8805-4D4F-407A-81CB-E19AA8D9D6F7}.Debug|Any CPU.ActiveCfg = Debug|Any CPU
		{96DD8805-4D4F-407A-81CB-E19AA8D9D6F7}.Debug|Any CPU.Build.0 = Debug|Any CPU
		{96DD8805-4D4F-407A-81CB-E19AA8D9D6F7}.Release|Any CPU.ActiveCfg = Release|Any CPU
		{96DD8805-4D4F-407A-81CB-E19AA8D9D6F7}.Release|Any CPU.Build.0 = Release|Any CPU
		{3705AB07-7724-4C28-944E-9F056F5A8068}.Debug|Any CPU.ActiveCfg = Debug|Any CPU
		{3705AB07-7724-4C28-944E-9F056F5A8068}.Debug|Any CPU.Build.0 = Debug|Any CPU
		{3705AB07-7724-4C28-944E-9F056F5A8068}.Release|Any CPU.ActiveCfg = Release|Any CPU
		{3705AB07-7724-4C28-944E-9F056F5A8068}.Release|Any CPU.Build.0 = Release|Any CPU
	EndGlobalSection
	GlobalSection(SolutionProperties) = preSolution
		HideSolutionNode = FALSE
	EndGlobalSection
	GlobalSection(ExtensibilityGlobals) = postSolution
		SolutionGuid = {EC469646-F457-4EAB-AE27-875DFD51EDA8}
	EndGlobalSection
EndGlobal
